
Microsoft Visual Studio Solution File, Format Version 12.00
# Visual Studio Version 17
VisualStudioVersion = 17.7.34202.233
MinimumVisualStudioVersion = 10.0.40219.1
Project("{FAE04EC0-301F-11D3-BF4B-00C04F79EFBC}") = "VeloGamesLibraryManagement", "VeloGamesLibraryManagement.csproj", "{5D565037-CDF8-46A1-A61C-7ACB187758D8}"
EndProject
Global
	GlobalSection(SolutionConfigurationPlatforms) = preSolution
		Debug|Any CPU = Debug|Any CPU
		Release|Any CPU = Release|Any CPU
	EndGlobalSection
	GlobalSection(ProjectConfigurationPlatforms) = postSolution
		{5D565037-CDF8-46A1-A61C-7ACB187758D8}.Debug|Any CPU.ActiveCfg = Debug|Any CPU
		{5D565037-CDF8-46A1-A61C-7ACB187758D8}.Debug|Any CPU.Build.0 = Debug|Any CPU
		{5D565037-CDF8-46A1-A61C-7ACB187758D8}.Release|Any CPU.ActiveCfg = Release|Any CPU
		{5D565037-CDF8-46A1-A61C-7ACB187758D8}.Release|Any CPU.Build.0 = Release|Any CPU
	EndGlobalSection
	GlobalSection(SolutionProperties) = preSolution
		HideSolutionNode = FALSE
	EndGlobalSection
	GlobalSection(ExtensibilityGlobals) = postSolution
		SolutionGuid = {ABFD21B4-8EE2-4665-87C7-9FA1CF6CD40C}
	EndGlobalSection
EndGlobal
